
Microsoft Visual Studio Solution File, Format Version 12.00
# Visual Studio Version 16
VisualStudioVersion = 16.0.31019.35
MinimumVisualStudioVersion = 10.0.40219.1
Project("{FAE04EC0-301F-11D3-BF4B-00C04F79EFBC}") = "EntityFrameworkDemoWeb", "EntityFrameworkDemoWeb\EntityFrameworkDemoWeb.csproj", "{E08C6FAE-4BDA-4737-B12F-3D1435B7D2EB}"
EndProject
Project("{FAE04EC0-301F-11D3-BF4B-00C04F79EFBC}") = "EntityFrameworkAccessLibrary", "EntityFrameworkAccessLibrary\EntityFrameworkAccessLibrary.csproj", "{CE9C8592-5378-42EF-AD49-2205B2C537DA}"
EndProject
Global
	GlobalSection(SolutionConfigurationPlatforms) = preSolution
		Debug|Any CPU = Debug|Any CPU
		Release|Any CPU = Release|Any CPU
	EndGlobalSection
	GlobalSection(ProjectConfigurationPlatforms) = postSolution
		{E08C6FAE-4BDA-4737-B12F-3D1435B7D2EB}.Debug|Any CPU.ActiveCfg = Debug|Any CPU
		{E08C6FAE-4BDA-4737-B12F-3D1435B7D2EB}.Debug|Any CPU.Build.0 = Debug|Any CPU
		{E08C6FAE-4BDA-4737-B12F-3D1435B7D2EB}.Release|Any CPU.ActiveCfg = Release|Any CPU
		{E08C6FAE-4BDA-4737-B12F-3D1435B7D2EB}.Release|Any CPU.Build.0 = Release|Any CPU
		{CE9C8592-5378-42EF-AD49-2205B2C537DA}.Debug|Any CPU.ActiveCfg = Debug|Any CPU
		{CE9C8592-5378-42EF-AD49-2205B2C537DA}.Debug|Any CPU.Build.0 = Debug|Any CPU
		{CE9C8592-5378-42EF-AD49-2205B2C537DA}.Release|Any CPU.ActiveCfg = Release|Any CPU
		{CE9C8592-5378-42EF-AD49-2205B2C537DA}.Release|Any CPU.Build.0 = Release|Any CPU
	EndGlobalSection
	GlobalSection(SolutionProperties) = preSolution
		HideSolutionNode = FALSE
	EndGlobalSection
	GlobalSection(ExtensibilityGlobals) = postSolution
		SolutionGuid = {81A1C3C4-999C-435C-9113-797A3E386742}
	EndGlobalSection
EndGlobal
