
Microsoft Visual Studio Solution File, Format Version 12.00
# Visual Studio Version 17
VisualStudioVersion = 17.1.32328.378
MinimumVisualStudioVersion = 10.0.40219.1
Project("{FAE04EC0-301F-11D3-BF4B-00C04F79EFBC}") = "GitHubMonitorApp", "GitHubMonitor\GitHubMonitorApp.csproj", "{2000CD8F-A3BF-4DA7-80F2-E3460AC183BB}"
EndProject
Global
	GlobalSection(SolutionConfigurationPlatforms) = preSolution
		Debug|Any CPU = Debug|Any CPU
		Release|Any CPU = Release|Any CPU
	EndGlobalSection
	GlobalSection(ProjectConfigurationPlatforms) = postSolution
		{2000CD8F-A3BF-4DA7-80F2-E3460AC183BB}.Debug|Any CPU.ActiveCfg = Debug|Any CPU
		{2000CD8F-A3BF-4DA7-80F2-E3460AC183BB}.Debug|Any CPU.Build.0 = Debug|Any CPU
		{2000CD8F-A3BF-4DA7-80F2-E3460AC183BB}.Release|Any CPU.ActiveCfg = Release|Any CPU
		{2000CD8F-A3BF-4DA7-80F2-E3460AC183BB}.Release|Any CPU.Build.0 = Release|Any CPU
	EndGlobalSection
	GlobalSection(SolutionProperties) = preSolution
		HideSolutionNode = FALSE
	EndGlobalSection
	GlobalSection(ExtensibilityGlobals) = postSolution
		SolutionGuid = {A134EA1F-2006-490B-B9E1-24476631F39B}
	EndGlobalSection
EndGlobal
