
Microsoft Visual Studio Solution File, Format Version 12.00
# Visual Studio Version 16
VisualStudioVersion = 16.0.31019.35
MinimumVisualStudioVersion = 10.0.40219.1
Project("{00D1A9C2-B5F0-4AF3-8072-F6C62B433612}") = "DB_Datenbankprojekt", "DB_Datenbankprojekt\DB_Datenbankprojekt.sqlproj", "{8200C61B-E77F-419E-A432-1F632D10E563}"
EndProject
Global
	GlobalSection(SolutionConfigurationPlatforms) = preSolution
		Debug|Any CPU = Debug|Any CPU
		Release|Any CPU = Release|Any CPU
	EndGlobalSection
	GlobalSection(ProjectConfigurationPlatforms) = postSolution
		{8200C61B-E77F-419E-A432-1F632D10E563}.Debug|Any CPU.ActiveCfg = Debug|Any CPU
		{8200C61B-E77F-419E-A432-1F632D10E563}.Debug|Any CPU.Build.0 = Debug|Any CPU
		{8200C61B-E77F-419E-A432-1F632D10E563}.Debug|Any CPU.Deploy.0 = Debug|Any CPU
		{8200C61B-E77F-419E-A432-1F632D10E563}.Release|Any CPU.ActiveCfg = Release|Any CPU
		{8200C61B-E77F-419E-A432-1F632D10E563}.Release|Any CPU.Build.0 = Release|Any CPU
		{8200C61B-E77F-419E-A432-1F632D10E563}.Release|Any CPU.Deploy.0 = Release|Any CPU
	EndGlobalSection
	GlobalSection(SolutionProperties) = preSolution
		HideSolutionNode = FALSE
	EndGlobalSection
	GlobalSection(ExtensibilityGlobals) = postSolution
		SolutionGuid = {E4DA8DB1-96F0-47FB-B5B8-BFA4081B2A1F}
	EndGlobalSection
EndGlobal
