
Microsoft Visual Studio Solution File, Format Version 12.00
# Visual Studio Version 16
VisualStudioVersion = 16.0.31019.35
MinimumVisualStudioVersion = 10.0.40219.1
Project("{FAE04EC0-301F-11D3-BF4B-00C04F79EFBC}") = "CrmTestkonsolenprojekt_4_8", "CrmTestkonsolenprojekt_4_8.csproj", "{FD88D685-C02B-4980-936B-3673F3EB91AE}"
EndProject
Global
	GlobalSection(SolutionConfigurationPlatforms) = preSolution
		Debug|Any CPU = Debug|Any CPU
		Release|Any CPU = Release|Any CPU
	EndGlobalSection
	GlobalSection(ProjectConfigurationPlatforms) = postSolution
		{FD88D685-C02B-4980-936B-3673F3EB91AE}.Debug|Any CPU.ActiveCfg = Debug|Any CPU
		{FD88D685-C02B-4980-936B-3673F3EB91AE}.Debug|Any CPU.Build.0 = Debug|Any CPU
		{FD88D685-C02B-4980-936B-3673F3EB91AE}.Release|Any CPU.ActiveCfg = Release|Any CPU
		{FD88D685-C02B-4980-936B-3673F3EB91AE}.Release|Any CPU.Build.0 = Release|Any CPU
	EndGlobalSection
	GlobalSection(SolutionProperties) = preSolution
		HideSolutionNode = FALSE
	EndGlobalSection
	GlobalSection(ExtensibilityGlobals) = postSolution
		SolutionGuid = {5DBA7548-BC2D-4C6F-A556-B26F689042AB}
	EndGlobalSection
EndGlobal
